
Microsoft Visual Studio Solution File, Format Version 12.00
# Visual Studio Version 17
VisualStudioVersion = 17.5.33424.131
MinimumVisualStudioVersion = 10.0.40219.1
Project("{FAE04EC0-301F-11D3-BF4B-00C04F79EFBC}") = "Term.WinApp", "Term.WinApp\Term.WinApp.csproj", "{BC1BA1C8-063B-481A-A33C-58543B2D4F86}"
EndProject
Global
	GlobalSection(SolutionConfigurationPlatforms) = preSolution
		Debug|Any CPU = Debug|Any CPU
		Release|Any CPU = Release|Any CPU
	EndGlobalSection
	GlobalSection(ProjectConfigurationPlatforms) = postSolution
		{BC1BA1C8-063B-481A-A33C-58543B2D4F86}.Debug|Any CPU.ActiveCfg = Debug|Any CPU
		{BC1BA1C8-063B-481A-A33C-58543B2D4F86}.Debug|Any CPU.Build.0 = Debug|Any CPU
		{BC1BA1C8-063B-481A-A33C-58543B2D4F86}.Release|Any CPU.ActiveCfg = Release|Any CPU
		{BC1BA1C8-063B-481A-A33C-58543B2D4F86}.Release|Any CPU.Build.0 = Release|Any CPU
	EndGlobalSection
	GlobalSection(SolutionProperties) = preSolution
		HideSolutionNode = FALSE
	EndGlobalSection
	GlobalSection(ExtensibilityGlobals) = postSolution
		SolutionGuid = {18DFA212-66D1-44B4-AEE5-3D0D4B7BE4FC}
	EndGlobalSection
EndGlobal
